
Microsoft Visual Studio Solution File, Format Version 12.00
# Visual Studio Version 17
VisualStudioVersion = 17.10.34928.147
MinimumVisualStudioVersion = 10.0.40219.1
Project("{FAE04EC0-301F-11D3-BF4B-00C04F79EFBC}") = "UADRealism", "UADRealism.csproj", "{9935328D-6D13-4352-AB53-EB037607F138}"
EndProject
Global
	GlobalSection(SolutionConfigurationPlatforms) = preSolution
		Debug|Any CPU = Debug|Any CPU
		Release|Any CPU = Release|Any CPU
	EndGlobalSection
	GlobalSection(ProjectConfigurationPlatforms) = postSolution
		{9935328D-6D13-4352-AB53-EB037607F138}.Debug|Any CPU.ActiveCfg = Debug|Any CPU
		{9935328D-6D13-4352-AB53-EB037607F138}.Debug|Any CPU.Build.0 = Debug|Any CPU
		{9935328D-6D13-4352-AB53-EB037607F138}.Release|Any CPU.ActiveCfg = Release|Any CPU
		{9935328D-6D13-4352-AB53-EB037607F138}.Release|Any CPU.Build.0 = Release|Any CPU
	EndGlobalSection
	GlobalSection(SolutionProperties) = preSolution
		HideSolutionNode = FALSE
	EndGlobalSection
	GlobalSection(ExtensibilityGlobals) = postSolution
		SolutionGuid = {FE7CDEBB-C410-4A8F-8DCC-8729B59075A9}
	EndGlobalSection
EndGlobal
